
Microsoft Visual Studio Solution File, Format Version 12.00
# Visual Studio Version 16
VisualStudioVersion = 16.6.30114.105
MinimumVisualStudioVersion = 10.0.40219.1
Project("{FAE04EC0-301F-11D3-BF4B-00C04F79EFBC}") = "FirstMissingPositiveConsoleApp", "FirstMissingPositiveConsoleApp\FirstMissingPositiveConsoleApp.csproj", "{BC708BC8-9C63-4008-B125-FF4F139F7D49}"
EndProject
Project("{FAE04EC0-301F-11D3-BF4B-00C04F79EFBC}") = "FirstMissingPositiveDomain", "FirstMissingPositiveDomain\FirstMissingPositiveDomain.csproj", "{01B8EBA1-0D26-4859-BE43-369B4AA9B0EA}"
EndProject
Project("{FAE04EC0-301F-11D3-BF4B-00C04F79EFBC}") = "FirstMissingPositiveTests", "FirstMissingPositiveTests\FirstMissingPositiveTests.csproj", "{FD3BEDF4-BF53-4E33-99FB-B4D211E5E3F3}"
EndProject
Global
	GlobalSection(SolutionConfigurationPlatforms) = preSolution
		Debug|Any CPU = Debug|Any CPU
		Debug|x64 = Debug|x64
		Debug|x86 = Debug|x86
		Release|Any CPU = Release|Any CPU
		Release|x64 = Release|x64
		Release|x86 = Release|x86
	EndGlobalSection
	GlobalSection(SolutionProperties) = preSolution
		HideSolutionNode = FALSE
	EndGlobalSection
	GlobalSection(ProjectConfigurationPlatforms) = postSolution
		{BC708BC8-9C63-4008-B125-FF4F139F7D49}.Debug|Any CPU.ActiveCfg = Debug|Any CPU
		{BC708BC8-9C63-4008-B125-FF4F139F7D49}.Debug|Any CPU.Build.0 = Debug|Any CPU
		{BC708BC8-9C63-4008-B125-FF4F139F7D49}.Debug|x64.ActiveCfg = Debug|Any CPU
		{BC708BC8-9C63-4008-B125-FF4F139F7D49}.Debug|x64.Build.0 = Debug|Any CPU
		{BC708BC8-9C63-4008-B125-FF4F139F7D49}.Debug|x86.ActiveCfg = Debug|Any CPU
		{BC708BC8-9C63-4008-B125-FF4F139F7D49}.Debug|x86.Build.0 = Debug|Any CPU
		{BC708BC8-9C63-4008-B125-FF4F139F7D49}.Release|Any CPU.ActiveCfg = Release|Any CPU
		{BC708BC8-9C63-4008-B125-FF4F139F7D49}.Release|Any CPU.Build.0 = Release|Any CPU
		{BC708BC8-9C63-4008-B125-FF4F139F7D49}.Release|x64.ActiveCfg = Release|Any CPU
		{BC708BC8-9C63-4008-B125-FF4F139F7D49}.Release|x64.Build.0 = Release|Any CPU
		{BC708BC8-9C63-4008-B125-FF4F139F7D49}.Release|x86.ActiveCfg = Release|Any CPU
		{BC708BC8-9C63-4008-B125-FF4F139F7D49}.Release|x86.Build.0 = Release|Any CPU
		{01B8EBA1-0D26-4859-BE43-369B4AA9B0EA}.Debug|Any CPU.ActiveCfg = Debug|Any CPU
		{01B8EBA1-0D26-4859-BE43-369B4AA9B0EA}.Debug|Any CPU.Build.0 = Debug|Any CPU
		{01B8EBA1-0D26-4859-BE43-369B4AA9B0EA}.Debug|x64.ActiveCfg = Debug|Any CPU
		{01B8EBA1-0D26-4859-BE43-369B4AA9B0EA}.Debug|x64.Build.0 = Debug|Any CPU
		{01B8EBA1-0D26-4859-BE43-369B4AA9B0EA}.Debug|x86.ActiveCfg = Debug|Any CPU
		{01B8EBA1-0D26-4859-BE43-369B4AA9B0EA}.Debug|x86.Build.0 = Debug|Any CPU
		{01B8EBA1-0D26-4859-BE43-369B4AA9B0EA}.Release|Any CPU.ActiveCfg = Release|Any CPU
		{01B8EBA1-0D26-4859-BE43-369B4AA9B0EA}.Release|Any CPU.Build.0 = Release|Any CPU
		{01B8EBA1-0D26-4859-BE43-369B4AA9B0EA}.Release|x64.ActiveCfg = Release|Any CPU
		{01B8EBA1-0D26-4859-BE43-369B4AA9B0EA}.Release|x64.Build.0 = Release|Any CPU
		{01B8EBA1-0D26-4859-BE43-369B4AA9B0EA}.Release|x86.ActiveCfg = Release|Any CPU
		{01B8EBA1-0D26-4859-BE43-369B4AA9B0EA}.Release|x86.Build.0 = Release|Any CPU
		{FD3BEDF4-BF53-4E33-99FB-B4D211E5E3F3}.Debug|Any CPU.ActiveCfg = Debug|Any CPU
		{FD3BEDF4-BF53-4E33-99FB-B4D211E5E3F3}.Debug|Any CPU.Build.0 = Debug|Any CPU
		{FD3BEDF4-BF53-4E33-99FB-B4D211E5E3F3}.Debug|x64.ActiveCfg = Debug|Any CPU
		{FD3BEDF4-BF53-4E33-99FB-B4D211E5E3F3}.Debug|x64.Build.0 = Debug|Any CPU
		{FD3BEDF4-BF53-4E33-99FB-B4D211E5E3F3}.Debug|x86.ActiveCfg = Debug|Any CPU
		{FD3BEDF4-BF53-4E33-99FB-B4D211E5E3F3}.Debug|x86.Build.0 = Debug|Any CPU
		{FD3BEDF4-BF53-4E33-99FB-B4D211E5E3F3}.Release|Any CPU.ActiveCfg = Release|Any CPU
		{FD3BEDF4-BF53-4E33-99FB-B4D211E5E3F3}.Release|Any CPU.Build.0 = Release|Any CPU
		{FD3BEDF4-BF53-4E33-99FB-B4D211E5E3F3}.Release|x64.ActiveCfg = Release|Any CPU
		{FD3BEDF4-BF53-4E33-99FB-B4D211E5E3F3}.Release|x64.Build.0 = Release|Any CPU
		{FD3BEDF4-BF53-4E33-99FB-B4D211E5E3F3}.Release|x86.ActiveCfg = Release|Any CPU
		{FD3BEDF4-BF53-4E33-99FB-B4D211E5E3F3}.Release|x86.Build.0 = Release|Any CPU
	EndGlobalSection
EndGlobal
